
Microsoft Visual Studio Solution File, Format Version 12.00
# Visual Studio Version 17
VisualStudioVersion = 17.9.34723.18
MinimumVisualStudioVersion = 10.0.40219.1
Project("{FAE04EC0-301F-11D3-BF4B-00C04F79EFBC}") = "cursoCore2API", "cursoCore2\cursoCore2API.csproj", "{321D7A3B-8CCC-4BFF-95F0-80159CC4DF9F}"
EndProject
Project("{FAE04EC0-301F-11D3-BF4B-00C04F79EFBC}") = "cursoCoreMVC", "cursoCoreMVC\cursoCoreMVC.csproj", "{548632A0-690E-48C1-8170-203CFFE45AB6}"
EndProject
Global
	GlobalSection(SolutionConfigurationPlatforms) = preSolution
		Debug|Any CPU = Debug|Any CPU
		Release|Any CPU = Release|Any CPU
	EndGlobalSection
	GlobalSection(ProjectConfigurationPlatforms) = postSolution
		{321D7A3B-8CCC-4BFF-95F0-80159CC4DF9F}.Debug|Any CPU.ActiveCfg = Debug|Any CPU
		{321D7A3B-8CCC-4BFF-95F0-80159CC4DF9F}.Debug|Any CPU.Build.0 = Debug|Any CPU
		{321D7A3B-8CCC-4BFF-95F0-80159CC4DF9F}.Release|Any CPU.ActiveCfg = Release|Any CPU
		{321D7A3B-8CCC-4BFF-95F0-80159CC4DF9F}.Release|Any CPU.Build.0 = Release|Any CPU
		{548632A0-690E-48C1-8170-203CFFE45AB6}.Debug|Any CPU.ActiveCfg = Debug|Any CPU
		{548632A0-690E-48C1-8170-203CFFE45AB6}.Debug|Any CPU.Build.0 = Debug|Any CPU
		{548632A0-690E-48C1-8170-203CFFE45AB6}.Release|Any CPU.ActiveCfg = Release|Any CPU
		{548632A0-690E-48C1-8170-203CFFE45AB6}.Release|Any CPU.Build.0 = Release|Any CPU
	EndGlobalSection
	GlobalSection(SolutionProperties) = preSolution
		HideSolutionNode = FALSE
	EndGlobalSection
	GlobalSection(ExtensibilityGlobals) = postSolution
		SolutionGuid = {16439C6A-EBD0-4293-B921-606616A019FD}
	EndGlobalSection
EndGlobal
